
Microsoft Visual Studio Solution File, Format Version 12.00
Project("{FAE04EC0-301F-11D3-BF4B-00C04F79EFBC}") = "guess_server", "guess_server\guess_server.csproj", "{49FA203C-23AB-4CE4-8A18-CF104B2AEE1E}"
EndProject
Global
	GlobalSection(SolutionConfigurationPlatforms) = preSolution
		Debug|Any CPU = Debug|Any CPU
		Release|Any CPU = Release|Any CPU
	EndGlobalSection
	GlobalSection(ProjectConfigurationPlatforms) = postSolution
		{49FA203C-23AB-4CE4-8A18-CF104B2AEE1E}.Debug|Any CPU.ActiveCfg = Debug|Any CPU
		{49FA203C-23AB-4CE4-8A18-CF104B2AEE1E}.Debug|Any CPU.Build.0 = Debug|Any CPU
		{49FA203C-23AB-4CE4-8A18-CF104B2AEE1E}.Release|Any CPU.ActiveCfg = Release|Any CPU
		{49FA203C-23AB-4CE4-8A18-CF104B2AEE1E}.Release|Any CPU.Build.0 = Release|Any CPU
	EndGlobalSection
EndGlobal
